
Microsoft Visual Studio Solution File, Format Version 12.00
# Visual Studio Version 16
VisualStudioVersion = 16.0.29728.190
MinimumVisualStudioVersion = 10.0.40219.1
Project("{FAE04EC0-301F-11D3-BF4B-00C04F79EFBC}") = "DocentesApp.Android", "DocentesApp\DocentesApp.Android\DocentesApp.Android.csproj", "{ECAB313E-E560-44F8-9D94-2B0F1C588C36}"
EndProject
Project("{FAE04EC0-301F-11D3-BF4B-00C04F79EFBC}") = "DocentesApp.iOS", "DocentesApp\DocentesApp.iOS\DocentesApp.iOS.csproj", "{42DBFBFB-16C3-4B3F-9CF6-22A0B7C41EB2}"
EndProject
Project("{FAE04EC0-301F-11D3-BF4B-00C04F79EFBC}") = "DocentesApp", "DocentesApp\DocentesApp\DocentesApp.csproj", "{2A94B2E6-8DE1-4846-A30F-2A60B1668289}"
EndProject
Global
	GlobalSection(SolutionConfigurationPlatforms) = preSolution
		Debug|Any CPU = Debug|Any CPU
		Debug|iPhone = Debug|iPhone
		Debug|iPhoneSimulator = Debug|iPhoneSimulator
		Release|Any CPU = Release|Any CPU
		Release|iPhone = Release|iPhone
		Release|iPhoneSimulator = Release|iPhoneSimulator
	EndGlobalSection
	GlobalSection(ProjectConfigurationPlatforms) = postSolution
		{ECAB313E-E560-44F8-9D94-2B0F1C588C36}.Debug|Any CPU.ActiveCfg = Debug|Any CPU
		{ECAB313E-E560-44F8-9D94-2B0F1C588C36}.Debug|Any CPU.Build.0 = Debug|Any CPU
		{ECAB313E-E560-44F8-9D94-2B0F1C588C36}.Debug|Any CPU.Deploy.0 = Debug|Any CPU
		{ECAB313E-E560-44F8-9D94-2B0F1C588C36}.Debug|iPhone.ActiveCfg = Debug|Any CPU
		{ECAB313E-E560-44F8-9D94-2B0F1C588C36}.Debug|iPhone.Build.0 = Debug|Any CPU
		{ECAB313E-E560-44F8-9D94-2B0F1C588C36}.Debug|iPhone.Deploy.0 = Debug|Any CPU
		{ECAB313E-E560-44F8-9D94-2B0F1C588C36}.Debug|iPhoneSimulator.ActiveCfg = Debug|Any CPU
		{ECAB313E-E560-44F8-9D94-2B0F1C588C36}.Debug|iPhoneSimulator.Build.0 = Debug|Any CPU
		{ECAB313E-E560-44F8-9D94-2B0F1C588C36}.Debug|iPhoneSimulator.Deploy.0 = Debug|Any CPU
		{ECAB313E-E560-44F8-9D94-2B0F1C588C36}.Release|Any CPU.ActiveCfg = Release|Any CPU
		{ECAB313E-E560-44F8-9D94-2B0F1C588C36}.Release|Any CPU.Build.0 = Release|Any CPU
		{ECAB313E-E560-44F8-9D94-2B0F1C588C36}.Release|Any CPU.Deploy.0 = Release|Any CPU
		{ECAB313E-E560-44F8-9D94-2B0F1C588C36}.Release|iPhone.ActiveCfg = Release|Any CPU
		{ECAB313E-E560-44F8-9D94-2B0F1C588C36}.Release|iPhone.Build.0 = Release|Any CPU
		{ECAB313E-E560-44F8-9D94-2B0F1C588C36}.Release|iPhone.Deploy.0 = Release|Any CPU
		{ECAB313E-E560-44F8-9D94-2B0F1C588C36}.Release|iPhoneSimulator.ActiveCfg = Release|Any CPU
		{ECAB313E-E560-44F8-9D94-2B0F1C588C36}.Release|iPhoneSimulator.Build.0 = Release|Any CPU
		{ECAB313E-E560-44F8-9D94-2B0F1C588C36}.Release|iPhoneSimulator.Deploy.0 = Release|Any CPU
		{42DBFBFB-16C3-4B3F-9CF6-22A0B7C41EB2}.Debug|Any CPU.ActiveCfg = Debug|iPhoneSimulator
		{42DBFBFB-16C3-4B3F-9CF6-22A0B7C41EB2}.Debug|Any CPU.Build.0 = Debug|iPhoneSimulator
		{42DBFBFB-16C3-4B3F-9CF6-22A0B7C41EB2}.Debug|Any CPU.Deploy.0 = Debug|iPhoneSimulator
		{42DBFBFB-16C3-4B3F-9CF6-22A0B7C41EB2}.Debug|iPhone.ActiveCfg = Debug|iPhone
		{42DBFBFB-16C3-4B3F-9CF6-22A0B7C41EB2}.Debug|iPhone.Build.0 = Debug|iPhone
		{42DBFBFB-16C3-4B3F-9CF6-22A0B7C41EB2}.Debug|iPhone.Deploy.0 = Debug|iPhone
		{42DBFBFB-16C3-4B3F-9CF6-22A0B7C41EB2}.Debug|iPhoneSimulator.ActiveCfg = Debug|iPhoneSimulator
		{42DBFBFB-16C3-4B3F-9CF6-22A0B7C41EB2}.Debug|iPhoneSimulator.Build.0 = Debug|iPhoneSimulator
		{42DBFBFB-16C3-4B3F-9CF6-22A0B7C41EB2}.Debug|iPhoneSimulator.Deploy.0 = Debug|iPhoneSimulator
		{42DBFBFB-16C3-4B3F-9CF6-22A0B7C41EB2}.Release|Any CPU.ActiveCfg = Release|iPhone
		{42DBFBFB-16C3-4B3F-9CF6-22A0B7C41EB2}.Release|Any CPU.Build.0 = Release|iPhone
		{42DBFBFB-16C3-4B3F-9CF6-22A0B7C41EB2}.Release|Any CPU.Deploy.0 = Release|iPhone
		{42DBFBFB-16C3-4B3F-9CF6-22A0B7C41EB2}.Release|iPhone.ActiveCfg = Release|iPhone
		{42DBFBFB-16C3-4B3F-9CF6-22A0B7C41EB2}.Release|iPhone.Build.0 = Release|iPhone
		{42DBFBFB-16C3-4B3F-9CF6-22A0B7C41EB2}.Release|iPhone.Deploy.0 = Release|iPhone
		{42DBFBFB-16C3-4B3F-9CF6-22A0B7C41EB2}.Release|iPhoneSimulator.ActiveCfg = Release|iPhoneSimulator
		{42DBFBFB-16C3-4B3F-9CF6-22A0B7C41EB2}.Release|iPhoneSimulator.Build.0 = Release|iPhoneSimulator
		{42DBFBFB-16C3-4B3F-9CF6-22A0B7C41EB2}.Release|iPhoneSimulator.Deploy.0 = Release|iPhoneSimulator
		{2A94B2E6-8DE1-4846-A30F-2A60B1668289}.Debug|Any CPU.ActiveCfg = Debug|Any CPU
		{2A94B2E6-8DE1-4846-A30F-2A60B1668289}.Debug|Any CPU.Build.0 = Debug|Any CPU
		{2A94B2E6-8DE1-4846-A30F-2A60B1668289}.Debug|Any CPU.Deploy.0 = Debug|Any CPU
		{2A94B2E6-8DE1-4846-A30F-2A60B1668289}.Debug|iPhone.ActiveCfg = Debug|Any CPU
		{2A94B2E6-8DE1-4846-A30F-2A60B1668289}.Debug|iPhone.Build.0 = Debug|Any CPU
		{2A94B2E6-8DE1-4846-A30F-2A60B1668289}.Debug|iPhone.Deploy.0 = Debug|Any CPU
		{2A94B2E6-8DE1-4846-A30F-2A60B1668289}.Debug|iPhoneSimulator.ActiveCfg = Debug|Any CPU
		{2A94B2E6-8DE1-4846-A30F-2A60B1668289}.Debug|iPhoneSimulator.Build.0 = Debug|Any CPU
		{2A94B2E6-8DE1-4846-A30F-2A60B1668289}.Debug|iPhoneSimulator.Deploy.0 = Debug|Any CPU
		{2A94B2E6-8DE1-4846-A30F-2A60B1668289}.Release|Any CPU.ActiveCfg = Release|Any CPU
		{2A94B2E6-8DE1-4846-A30F-2A60B1668289}.Release|Any CPU.Build.0 = Release|Any CPU
		{2A94B2E6-8DE1-4846-A30F-2A60B1668289}.Release|Any CPU.Deploy.0 = Release|Any CPU
		{2A94B2E6-8DE1-4846-A30F-2A60B1668289}.Release|iPhone.ActiveCfg = Release|Any CPU
		{2A94B2E6-8DE1-4846-A30F-2A60B1668289}.Release|iPhone.Build.0 = Release|Any CPU
		{2A94B2E6-8DE1-4846-A30F-2A60B1668289}.Release|iPhone.Deploy.0 = Release|Any CPU
		{2A94B2E6-8DE1-4846-A30F-2A60B1668289}.Release|iPhoneSimulator.ActiveCfg = Release|Any CPU
		{2A94B2E6-8DE1-4846-A30F-2A60B1668289}.Release|iPhoneSimulator.Build.0 = Release|Any CPU
		{2A94B2E6-8DE1-4846-A30F-2A60B1668289}.Release|iPhoneSimulator.Deploy.0 = Release|Any CPU
	EndGlobalSection
	GlobalSection(SolutionProperties) = preSolution
		HideSolutionNode = FALSE
	EndGlobalSection
	GlobalSection(ExtensibilityGlobals) = postSolution
		SolutionGuid = {FB8EF9D1-AEE9-427F-A830-022E09EC2E66}
	EndGlobalSection
EndGlobal
